// !$*UTF8*$!
{
	archiveVersion = 1;
	classes = {
	};
	objectVersion = 48;
	objects = {

/* Begin PBXBuildFile section */
		B811ABA9201A1CAA004071D2 /* AppDelegate.swift in Sources */ = {isa = PBXBuildFile; fileRef = B811ABA8201A1CAA004071D2 /* AppDelegate.swift */; };
		B811ABAB201A1CAA004071D2 /* DocumentBrowserViewController.swift in Sources */ = {isa = PBXBuildFile; fileRef = B811ABAA201A1CAA004071D2 /* DocumentBrowserViewController.swift */; };
		B811ABAD201A1CAA004071D2 /* DocumentViewController.swift in Sources */ = {isa = PBXBuildFile; fileRef = B811ABAC201A1CAA004071D2 /* DocumentViewController.swift */; };
		B811ABAF201A1CAA004071D2 /* Document.swift in Sources */ = {isa = PBXBuildFile; fileRef = B811ABAE201A1CAA004071D2 /* Document.swift */; };
		B811ABB2201A1CAA004071D2 /* Main.storyboard in Resources */ = {isa = PBXBuildFile; fileRef = B811ABB0201A1CAA004071D2 /* Main.storyboard */; };
		B811ABB4201A1CAA004071D2 /* Assets.xcassets in Resources */ = {isa = PBXBuildFile; fileRef = B811ABB3201A1CAA004071D2 /* Assets.xcassets */; };
		B811ABB7201A1CAA004071D2 /* LaunchScreen.storyboard in Resources */ = {isa = PBXBuildFile; fileRef = B811ABB5201A1CAA004071D2 /* LaunchScreen.storyboard */; };
		B811ABC2201A1CAA004071D2 /* Second_BrainTests.swift in Sources */ = {isa = PBXBuildFile; fileRef = B811ABC1201A1CAA004071D2 /* Second_BrainTests.swift */; };
		B811ABCD201A1CAA004071D2 /* Second_BrainUITests.swift in Sources */ = {isa = PBXBuildFile; fileRef = B811ABCC201A1CAA004071D2 /* Second_BrainUITests.swift */; };
/* End PBXBuildFile section */

/* Begin PBXContainerItemProxy section */
		B811ABBE201A1CAA004071D2 /* PBXContainerItemProxy */ = {
			isa = PBXContainerItemProxy;
			containerPortal = B811AB9D201A1CA9004071D2 /* Project object */;
			proxyType = 1;
			remoteGlobalIDString = B811ABA4201A1CA9004071D2;
			remoteInfo = "Second Brain";
		};
		B811ABC9201A1CAA004071D2 /* PBXContainerItemProxy */ = {
			isa = PBXContainerItemProxy;
			containerPortal = B811AB9D201A1CA9004071D2 /* Project object */;
			proxyType = 1;
			remoteGlobalIDString = B811ABA4201A1CA9004071D2;
			remoteInfo = "Second Brain";
		};
/* End PBXContainerItemProxy section */

/* Begin PBXFileReference section */
		B811ABA5201A1CAA004071D2 /* Second Brain.app */ = {isa = PBXFileReference; explicitFileType = wrapper.application; includeInIndex = 0; path = "Second Brain.app"; sourceTree = BUILT_PRODUCTS_DIR; };
		B811ABA8201A1CAA004071D2 /* AppDelegate.swift */ = {isa = PBXFileReference; lastKnownFileType = sourcecode.swift; path = AppDelegate.swift; sourceTree = "<group>"; };
		B811ABAA201A1CAA004071D2 /* DocumentBrowserViewController.swift */ = {isa = PBXFileReference; lastKnownFileType = sourcecode.swift; path = DocumentBrowserViewController.swift; sourceTree = "<group>"; };
		B811ABAC201A1CAA004071D2 /* DocumentViewController.swift */ = {isa = PBXFileReference; lastKnownFileType = sourcecode.swift; path = DocumentViewController.swift; sourceTree = "<group>"; };
		B811ABAE201A1CAA004071D2 /* Document.swift */ = {isa = PBXFileReference; lastKnownFileType = sourcecode.swift; path = Document.swift; sourceTree = "<group>"; };
		B811ABB1201A1CAA004071D2 /* Base */ = {isa = PBXFileReference; lastKnownFileType = file.storyboard; name = Base; path = Base.lproj/Main.storyboard; sourceTree = "<group>"; };
		B811ABB3201A1CAA004071D2 /* Assets.xcassets */ = {isa = PBXFileReference; lastKnownFileType = folder.assetcatalog; path = Assets.xcassets; sourceTree = "<group>"; };
		B811ABB6201A1CAA004071D2 /* Base */ = {isa = PBXFileReference; lastKnownFileType = file.storyboard; name = Base; path = Base.lproj/LaunchScreen.storyboard; sourceTree = "<group>"; };
		B811ABB8201A1CAA004071D2 /* Info.plist */ = {isa = PBXFileReference; lastKnownFileType = text.plist.xml; path = Info.plist; sourceTree = "<group>"; };
		B811ABBD201A1CAA004071D2 /* Second BrainTests.xctest */ = {isa = PBXFileReference; explicitFileType = wrapper.cfbundle; includeInIndex = 0; path = "Second BrainTests.xctest"; sourceTree = BUILT_PRODUCTS_DIR; };
		B811ABC1201A1CAA004071D2 /* Second_BrainTests.swift */ = {isa = PBXFileReference; lastKnownFileType = sourcecode.swift; path = Second_BrainTests.swift; sourceTree = "<group>"; };
		B811ABC3201A1CAA004071D2 /* Info.plist */ = {isa = PBXFileReference; lastKnownFileType = text.plist.xml; path = Info.plist; sourceTree = "<group>"; };
		B811ABC8201A1CAA004071D2 /* Second BrainUITests.xctest */ = {isa = PBXFileReference; explicitFileType = wrapper.cfbundle; includeInIndex = 0; path = "Second BrainUITests.xctest"; sourceTree = BUILT_PRODUCTS_DIR; };
		B811ABCC201A1CAA004071D2 /* Second_BrainUITests.swift */ = {isa = PBXFileReference; lastKnownFileType = sourcecode.swift; path = Second_BrainUITests.swift; sourceTree = "<group>"; };
		B811ABCE201A1CAA004071D2 /* Info.plist */ = {isa = PBXFileReference; lastKnownFileType = text.plist.xml; path = Info.plist; sourceTree = "<group>"; };
/* End PBXFileReference section */

/* Begin PBXFrameworksBuildPhase section */
		B811ABA2201A1CA9004071D2 /* Frameworks */ = {
			isa = PBXFrameworksBuildPhase;
			buildActionMask = 2147483647;
			files = (
			);
			runOnlyForDeploymentPostprocessing = 0;
		};
		B811ABBA201A1CAA004071D2 /* Frameworks */ = {
			isa = PBXFrameworksBuildPhase;
			buildActionMask = 2147483647;
			files = (
			);
			runOnlyForDeploymentPostprocessing = 0;
		};
		B811ABC5201A1CAA004071D2 /* Frameworks */ = {
			isa = PBXFrameworksBuildPhase;
			buildActionMask = 2147483647;
			files = (
			);
			runOnlyForDeploymentPostprocessing = 0;
		};
/* End PBXFrameworksBuildPhase section */

/* Begin PBXGroup section */
		B811AB9C201A1CA9004071D2 = {
			isa = PBXGroup;
			children = (
				B811ABA7201A1CAA004071D2 /* Second Brain */,
				B811ABC0201A1CAA004071D2 /* Second BrainTests */,
				B811ABCB201A1CAA004071D2 /* Second BrainUITests */,
				B811ABA6201A1CAA004071D2 /* Products */,
			);
			sourceTree = "<group>";
		};
		B811ABA6201A1CAA004071D2 /* Products */ = {
			isa = PBXGroup;
			children = (
				B811ABA5201A1CAA004071D2 /* Second Brain.app */,
				B811ABBD201A1CAA004071D2 /* Second BrainTests.xctest */,
				B811ABC8201A1CAA004071D2 /* Second BrainUITests.xctest */,
			);
			name = Products;
			sourceTree = "<group>";
		};
		B811ABA7201A1CAA004071D2 /* Second Brain */ = {
			isa = PBXGroup;
			children = (
				B811ABA8201A1CAA004071D2 /* AppDelegate.swift */,
				B811ABAA201A1CAA004071D2 /* DocumentBrowserViewController.swift */,
				B811ABAC201A1CAA004071D2 /* DocumentViewController.swift */,
				B811ABAE201A1CAA004071D2 /* Document.swift */,
				B811ABB0201A1CAA004071D2 /* Main.storyboard */,
				B811ABB3201A1CAA004071D2 /* Assets.xcassets */,
				B811ABB5201A1CAA004071D2 /* LaunchScreen.storyboard */,
				B811ABB8201A1CAA004071D2 /* Info.plist */,
			);
			path = "Second Brain";
			sourceTree = "<group>";
		};
		B811ABC0201A1CAA004071D2 /* Second BrainTests */ = {
			isa = PBXGroup;
			children = (
				B811ABC1201A1CAA004071D2 /* Second_BrainTests.swift */,
				B811ABC3201A1CAA004071D2 /* Info.plist */,
			);
			path = "Second BrainTests";
			sourceTree = "<group>";
		};
		B811ABCB201A1CAA004071D2 /* Second BrainUITests */ = {
			isa = PBXGroup;
			children = (
				B811ABCC201A1CAA004071D2 /* Second_BrainUITests.swift */,
				B811ABCE201A1CAA004071D2 /* Info.plist */,
			);
			path = "Second BrainUITests";
			sourceTree = "<group>";
		};
/* End PBXGroup section */

/* Begin PBXNativeTarget section */
		B811ABA4201A1CA9004071D2 /* Second Brain */ = {
			isa = PBXNativeTarget;
			buildConfigurationList = B811ABD1201A1CAA004071D2 /* Build configuration list for PBXNativeTarget "Second Brain" */;
			buildPhases = (
				B811ABA1201A1CA9004071D2 /* Sources */,
				B811ABA2201A1CA9004071D2 /* Frameworks */,
				B811ABA3201A1CA9004071D2 /* Resources */,
			);
			buildRules = (
			);
			dependencies = (
			);
			name = "Second Brain";
			productName = "Second Brain";
			productReference = B811ABA5201A1CAA004071D2 /* Second Brain.app */;
			productType = "com.apple.product-type.application";
		};
		B811ABBC201A1CAA004071D2 /* Second BrainTests */ = {
			isa = PBXNativeTarget;
			buildConfigurationList = B811ABD4201A1CAA004071D2 /* Build configuration list for PBXNativeTarget "Second BrainTests" */;
			buildPhases = (
				B811ABB9201A1CAA004071D2 /* Sources */,
				B811ABBA201A1CAA004071D2 /* Frameworks */,
				B811ABBB201A1CAA004071D2 /* Resources */,
			);
			buildRules = (
			);
			dependencies = (
				B811ABBF201A1CAA004071D2 /* PBXTargetDependency */,
			);
			name = "Second BrainTests";
			productName = "Second BrainTests";
			productReference = B811ABBD201A1CAA004071D2 /* Second BrainTests.xctest */;
			productType = "com.apple.product-type.bundle.unit-test";
		};
		B811ABC7201A1CAA004071D2 /* Second BrainUITests */ = {
			isa = PBXNativeTarget;
			buildConfigurationList = B811ABD7201A1CAA004071D2 /* Build configuration list for PBXNativeTarget "Second BrainUITests" */;
			buildPhases = (
				B811ABC4201A1CAA004071D2 /* Sources */,
				B811ABC5201A1CAA004071D2 /* Frameworks */,
				B811ABC6201A1CAA004071D2 /* Resources */,
			);
			buildRules = (
			);
			dependencies = (
				B811ABCA201A1CAA004071D2 /* PBXTargetDependency */,
			);
			name = "Second BrainUITests";
			productName = "Second BrainUITests";
			productReference = B811ABC8201A1CAA004071D2 /* Second BrainUITests.xctest */;
			productType = "com.apple.product-type.bundle.ui-testing";
		};
/* End PBXNativeTarget section */

/* Begin PBXProject section */
		B811AB9D201A1CA9004071D2 /* Project object */ = {
			isa = PBXProject;
			attributes = {
				LastSwiftUpdateCheck = 0920;
				LastUpgradeCheck = 0920;
				ORGANIZATIONNAME = "Ryan Goggins";
				TargetAttributes = {
					B811ABA4201A1CA9004071D2 = {
						CreatedOnToolsVersion = 9.2;
						ProvisioningStyle = Automatic;
					};
					B811ABBC201A1CAA004071D2 = {
						CreatedOnToolsVersion = 9.2;
						ProvisioningStyle = Automatic;
						TestTargetID = B811ABA4201A1CA9004071D2;
					};
					B811ABC7201A1CAA004071D2 = {
						CreatedOnToolsVersion = 9.2;
						ProvisioningStyle = Automatic;
						TestTargetID = B811ABA4201A1CA9004071D2;
					};
				};
			};
			buildConfigurationList = B811ABA0201A1CA9004071D2 /* Build configuration list for PBXProject "Second Brain" */;
			compatibilityVersion = "Xcode 8.0";
			developmentRegion = en;
			hasScannedForEncodings = 0;
			knownRegions = (
				en,
				Base,
			);
			mainGroup = B811AB9C201A1CA9004071D2;
			productRefGroup = B811ABA6201A1CAA004071D2 /* Products */;
			projectDirPath = "";
			projectRoot = "";
			targets = (
				B811ABA4201A1CA9004071D2 /* Second Brain */,
				B811ABBC201A1CAA004071D2 /* Second BrainTests */,
				B811ABC7201A1CAA004071D2 /* Second BrainUITests */,
			);
		};
/* End PBXProject section */

/* Begin PBXResourcesBuildPhase section */
		B811ABA3201A1CA9004071D2 /* Resources */ = {
			isa = PBXResourcesBuildPhase;
			buildActionMask = 2147483647;
			files = (
				B811ABB7201A1CAA004071D2 /* LaunchScreen.storyboard in Resources */,
				B811ABB4201A1CAA004071D2 /* Assets.xcassets in Resources */,
				B811ABB2201A1CAA004071D2 /* Main.storyboard in Resources */,
			);
			runOnlyForDeploymentPostprocessing = 0;
		};
		B811ABBB201A1CAA004071D2 /* Resources */ = {
			isa = PBXResourcesBuildPhase;
			buildActionMask = 2147483647;
			files = (
			);
			runOnlyForDeploymentPostprocessing = 0;
		};
		B811ABC6201A1CAA004071D2 /* Resources */ = {
			isa = PBXResourcesBuildPhase;
			buildActionMask = 2147483647;
			files = (
			);
			runOnlyForDeploymentPostprocessing = 0;
		};
/* End PBXResourcesBuildPhase section */

/* Begin PBXSourcesBuildPhase section */
		B811ABA1201A1CA9004071D2 /* Sources */ = {
			isa = PBXSourcesBuildPhase;
			buildActionMask = 2147483647;
			files = (
				B811ABAF201A1CAA004071D2 /* Document.swift in Sources */,
				B811ABAD201A1CAA004071D2 /* DocumentViewController.swift in Sources */,
				B811ABAB201A1CAA004071D2 /* DocumentBrowserViewController.swift in Sources */,
				B811ABA9201A1CAA004071D2 /* AppDelegate.swift in Sources */,
			);
			runOnlyForDeploymentPostprocessing = 0;
		};
		B811ABB9201A1CAA004071D2 /* Sources */ = {
			isa = PBXSourcesBuildPhase;
			buildActionMask = 2147483647;
			files = (
				B811ABC2201A1CAA004071D2 /* Second_BrainTests.swift in Sources */,
			);
			runOnlyForDeploymentPostprocessing = 0;
		};
		B811ABC4201A1CAA004071D2 /* Sources */ = {
			isa = PBXSourcesBuildPhase;
			buildActionMask = 2147483647;
			files = (
				B811ABCD201A1CAA004071D2 /* Second_BrainUITests.swift in Sources */,
			);
			runOnlyForDeploymentPostprocessing = 0;
		};
/* End PBXSourcesBuildPhase section */

/* Begin PBXTargetDependency section */
		B811ABBF201A1CAA004071D2 /* PBXTargetDependency */ = {
			isa = PBXTargetDependency;
			target = B811ABA4201A1CA9004071D2 /* Second Brain */;
			targetProxy = B811ABBE201A1CAA004071D2 /* PBXContainerItemProxy */;
		};
		B811ABCA201A1CAA004071D2 /* PBXTargetDependency */ = {
			isa = PBXTargetDependency;
			target = B811ABA4201A1CA9004071D2 /* Second Brain */;
			targetProxy = B811ABC9201A1CAA004071D2 /* PBXContainerItemProxy */;
		};
/* End PBXTargetDependency section */

/* Begin PBXVariantGroup section */
		B811ABB0201A1CAA004071D2 /* Main.storyboard */ = {
			isa = PBXVariantGroup;
			children = (
				B811ABB1201A1CAA004071D2 /* Base */,
			);
			name = Main.storyboard;
			sourceTree = "<group>";
		};
		B811ABB5201A1CAA004071D2 /* LaunchScreen.storyboard */ = {
			isa = PBXVariantGroup;
			children = (
				B811ABB6201A1CAA004071D2 /* Base */,
			);
			name = LaunchScreen.storyboard;
			sourceTree = "<group>";
		};
/* End PBXVariantGroup section */

/* Begin XCBuildConfiguration section */
		B811ABCF201A1CAA004071D2 /* Debug */ = {
			isa = XCBuildConfiguration;
			buildSettings = {
				ALWAYS_SEARCH_USER_PATHS = NO;
				CLANG_ANALYZER_NONNULL = YES;
				CLANG_ANALYZER_NUMBER_OBJECT_CONVERSION = YES_AGGRESSIVE;
				CLANG_CXX_LANGUAGE_STANDARD = "gnu++14";
				CLANG_CXX_LIBRARY = "libc++";
				CLANG_ENABLE_MODULES = YES;
				CLANG_ENABLE_OBJC_ARC = YES;
				CLANG_WARN_BLOCK_CAPTURE_AUTORELEASING = YES;
				CLANG_WARN_BOOL_CONVERSION = YES;
				CLANG_WARN_COMMA = YES;
				CLANG_WARN_CONSTANT_CONVERSION = YES;
				CLANG_WARN_DIRECT_OBJC_ISA_USAGE = YES_ERROR;
				CLANG_WARN_DOCUMENTATION_COMMENTS = YES;
				CLANG_WARN_EMPTY_BODY = YES;
				CLANG_WARN_ENUM_CONVERSION = YES;
				CLANG_WARN_INFINITE_RECURSION = YES;
				CLANG_WARN_INT_CONVERSION = YES;
				CLANG_WARN_NON_LITERAL_NULL_CONVERSION = YES;
				CLANG_WARN_OBJC_LITERAL_CONVERSION = YES;
				CLANG_WARN_OBJC_ROOT_CLASS = YES_ERROR;
				CLANG_WARN_RANGE_LOOP_ANALYSIS = YES;
				CLANG_WARN_STRICT_PROTOTYPES = YES;
				CLANG_WARN_SUSPICIOUS_MOVE = YES;
				CLANG_WARN_UNGUARDED_AVAILABILITY = YES_AGGRESSIVE;
				CLANG_WARN_UNREACHABLE_CODE = YES;
				CLANG_WARN__DUPLICATE_METHOD_MATCH = YES;
				CODE_SIGN_IDENTITY = "iPhone Developer";
				COPY_PHASE_STRIP = NO;
				DEBUG_INFORMATION_FORMAT = dwarf;
				ENABLE_STRICT_OBJC_MSGSEND = YES;
				ENABLE_TESTABILITY = YES;
				GCC_C_LANGUAGE_STANDARD = gnu11;
				GCC_DYNAMIC_NO_PIC = NO;
				GCC_NO_COMMON_BLOCKS = YES;
				GCC_OPTIMIZATION_LEVEL = 0;
				GCC_PREPROCESSOR_DEFINITIONS = (
					"DEBUG=1",
					"$(inherited)",
				);
				GCC_WARN_64_TO_32_BIT_CONVERSION = YES;
				GCC_WARN_ABOUT_RETURN_TYPE = YES_ERROR;
				GCC_WARN_UNDECLARED_SELECTOR = YES;
				GCC_WARN_UNINITIALIZED_AUTOS = YES_AGGRESSIVE;
				GCC_WARN_UNUSED_FUNCTION = YES;
				GCC_WARN_UNUSED_VARIABLE = YES;
				IPHONEOS_DEPLOYMENT_TARGET = 11.2;
				MTL_ENABLE_DEBUG_INFO = YES;
				ONLY_ACTIVE_ARCH = YES;
				SDKROOT = iphoneos;
				SWIFT_ACTIVE_COMPILATION_CONDITIONS = DEBUG;
				SWIFT_OPTIMIZATION_LEVEL = "-Onone";
			};
			name = Debug;
		};
		B811ABD0201A1CAA004071D2 /* Release */ = {
			isa = XCBuildConfiguration;
			buildSettings = {
				ALWAYS_SEARCH_USER_PATHS = NO;
				CLANG_ANALYZER_NONNULL = YES;
				CLANG_ANALYZER_NUMBER_OBJECT_CONVERSION = YES_AGGRESSIVE;
				CLANG_CXX_LANGUAGE_STANDARD = "gnu++14";
				CLANG_CXX_LIBRARY = "libc++";
				CLANG_ENABLE_MODULES = YES;
				CLANG_ENABLE_OBJC_ARC = YES;
				CLANG_WARN_BLOCK_CAPTURE_AUTORELEASING = YES;
				CLANG_WARN_BOOL_CONVERSION = YES;
				CLANG_WARN_COMMA = YES;
				CLANG_WARN_CONSTANT_CONVERSION = YES;
				CLANG_WARN_DIRECT_OBJC_ISA_USAGE = YES_ERROR;
				CLANG_WARN_DOCUMENTATION_COMMENTS = YES;
				CLANG_WARN_EMPTY_BODY = YES;
				CLANG_WARN_ENUM_CONVERSION = YES;
				CLANG_WARN_INFINITE_RECURSION = YES;
				CLANG_WARN_INT_CONVERSION = YES;
				CLANG_WARN_NON_LITERAL_NULL_CONVERSION = YES;
				CLANG_WARN_OBJC_LITERAL_CONVERSION = YES;
				CLANG_WARN_OBJC_ROOT_CLASS = YES_ERROR;
				CLANG_WARN_RANGE_LOOP_ANALYSIS = YES;
				CLANG_WARN_STRICT_PROTOTYPES = YES;
				CLANG_WARN_SUSPICIOUS_MOVE = YES;
				CLANG_WARN_UNGUARDED_AVAILABILITY = YES_AGGRESSIVE;
				CLANG_WARN_UNREACHABLE_CODE = YES;
				CLANG_WARN__DUPLICATE_METHOD_MATCH = YES;
				CODE_SIGN_IDENTITY = "iPhone Developer";
				COPY_PHASE_STRIP = NO;
				DEBUG_INFORMATION_FORMAT = "dwarf-with-dsym";
				ENABLE_NS_ASSERTIONS = NO;
				ENABLE_STRICT_OBJC_MSGSEND = YES;
				GCC_C_LANGUAGE_STANDARD = gnu11;
				GCC_NO_COMMON_BLOCKS = YES;
				GCC_WARN_64_TO_32_BIT_CONVERSION = YES;
				GCC_WARN_ABOUT_RETURN_TYPE = YES_ERROR;
				GCC_WARN_UNDECLARED_SELECTOR = YES;
				GCC_WARN_UNINITIALIZED_AUTOS = YES_AGGRESSIVE;
				GCC_WARN_UNUSED_FUNCTION = YES;
				GCC_WARN_UNUSED_VARIABLE = YES;
				IPHONEOS_DEPLOYMENT_TARGET = 11.2;
				MTL_ENABLE_DEBUG_INFO = NO;
				SDKROOT = iphoneos;
				SWIFT_OPTIMIZATION_LEVEL = "-Owholemodule";
				VALIDATE_PRODUCT = YES;
			};
			name = Release;
		};
		B811ABD2201A1CAA004071D2 /* Debug */ = {
			isa = XCBuildConfiguration;
			buildSettings = {
				ASSETCATALOG_COMPILER_APPICON_NAME = AppIcon;
				CODE_SIGN_STYLE = Automatic;
				INFOPLIST_FILE = "Second Brain/Info.plist";
				LD_RUNPATH_SEARCH_PATHS = "$(inherited) @executable_path/Frameworks";
				PRODUCT_BUNDLE_IDENTIFIER = "practice.Second-Brain";
				PRODUCT_NAME = "$(TARGET_NAME)";
				SWIFT_VERSION = 4.0;
				TARGETED_DEVICE_FAMILY = "1,2";
			};
			name = Debug;
		};
		B811ABD3201A1CAA004071D2 /* Release */ = {
			isa = XCBuildConfiguration;
			buildSettings = {
				ASSETCATALOG_COMPILER_APPICON_NAME = AppIcon;
				CODE_SIGN_STYLE = Automatic;
				INFOPLIST_FILE = "Second Brain/Info.plist";
				LD_RUNPATH_SEARCH_PATHS = "$(inherited) @executable_path/Frameworks";
				PRODUCT_BUNDLE_IDENTIFIER = "practice.Second-Brain";
				PRODUCT_NAME = "$(TARGET_NAME)";
				SWIFT_VERSION = 4.0;
				TARGETED_DEVICE_FAMILY = "1,2";
			};
			name = Release;
		};
		B811ABD5201A1CAA004071D2 /* Debug */ = {
			isa = XCBuildConfiguration;
			buildSettings = {
				ALWAYS_EMBED_SWIFT_STANDARD_LIBRARIES = YES;
				BUNDLE_LOADER = "$(TEST_HOST)";
				CODE_SIGN_STYLE = Automatic;
				INFOPLIST_FILE = "Second BrainTests/Info.plist";
				LD_RUNPATH_SEARCH_PATHS = "$(inherited) @executable_path/Frameworks @loader_path/Frameworks";
				PRODUCT_BUNDLE_IDENTIFIER = "practice.Second-BrainTests";
				PRODUCT_NAME = "$(TARGET_NAME)";
				SWIFT_VERSION = 4.0;
				TARGETED_DEVICE_FAMILY = "1,2";
				TEST_HOST = "$(BUILT_PRODUCTS_DIR)/Second Brain.app/Second Brain";
			};
			name = Debug;
		};
		B811ABD6201A1CAA004071D2 /* Release */ = {
			isa = XCBuildConfiguration;
			buildSettings = {
				ALWAYS_EMBED_SWIFT_STANDARD_LIBRARIES = YES;
				BUNDLE_LOADER = "$(TEST_HOST)";
				CODE_SIGN_STYLE = Automatic;
				INFOPLIST_FILE = "Second BrainTests/Info.plist";
				LD_RUNPATH_SEARCH_PATHS = "$(inherited) @executable_path/Frameworks @loader_path/Frameworks";
				PRODUCT_BUNDLE_IDENTIFIER = "practice.Second-BrainTests";
				PRODUCT_NAME = "$(TARGET_NAME)";
				SWIFT_VERSION = 4.0;
				TARGETED_DEVICE_FAMILY = "1,2";
				TEST_HOST = "$(BUILT_PRODUCTS_DIR)/Second Brain.app/Second Brain";
			};
			name = Release;
		};
		B811ABD8201A1CAA004071D2 /* Debug */ = {
			isa = XCBuildConfiguration;
			buildSettings = {
				ALWAYS_EMBED_SWIFT_STANDARD_LIBRARIES = YES;
				CODE_SIGN_STYLE = Automatic;
				INFOPLIST_FILE = "Second BrainUITests/Info.plist";
				LD_RUNPATH_SEARCH_PATHS = "$(inherited) @executable_path/Frameworks @loader_path/Frameworks";
				PRODUCT_BUNDLE_IDENTIFIER = "practice.Second-BrainUITests";
				PRODUCT_NAME = "$(TARGET_NAME)";
				SWIFT_VERSION = 4.0;
				TARGETED_DEVICE_FAMILY = "1,2";
				TEST_TARGET_NAME = "Second Brain";
			};
			name = Debug;
		};
		B811ABD9201A1CAA004071D2 /* Release */ = {
			isa = XCBuildConfiguration;
			buildSettings = {
				ALWAYS_EMBED_SWIFT_STANDARD_LIBRARIES = YES;
				CODE_SIGN_STYLE = Automatic;
				INFOPLIST_FILE = "Second BrainUITests/Info.plist";
				LD_RUNPATH_SEARCH_PATHS = "$(inherited) @executable_path/Frameworks @loader_path/Frameworks";
				PRODUCT_BUNDLE_IDENTIFIER = "practice.Second-BrainUITests";
				PRODUCT_NAME = "$(TARGET_NAME)";
				SWIFT_VERSION = 4.0;
				TARGETED_DEVICE_FAMILY = "1,2";
				TEST_TARGET_NAME = "Second Brain";
			};
			name = Release;
		};
/* End XCBuildConfiguration section */

/* Begin XCConfigurationList section */
		B811ABA0201A1CA9004071D2 /* Build configuration list for PBXProject "Second Brain" */ = {
			isa = XCConfigurationList;
			buildConfigurations = (
				B811ABCF201A1CAA004071D2 /* Debug */,
				B811ABD0201A1CAA004071D2 /* Release */,
			);
			defaultConfigurationIsVisible = 0;
			defaultConfigurationName = Release;
		};
		B811ABD1201A1CAA004071D2 /* Build configuration list for PBXNativeTarget "Second Brain" */ = {
			isa = XCConfigurationList;
			buildConfigurations = (
				B811ABD2201A1CAA004071D2 /* Debug */,
				B811ABD3201A1CAA004071D2 /* Release */,
			);
			defaultConfigurationIsVisible = 0;
			defaultConfigurationName = Release;
		};
		B811ABD4201A1CAA004071D2 /* Build configuration list for PBXNativeTarget "Second BrainTests" */ = {
			isa = XCConfigurationList;
			buildConfigurations = (
				B811ABD5201A1CAA004071D2 /* Debug */,
				B811ABD6201A1CAA004071D2 /* Release */,
			);
			defaultConfigurationIsVisible = 0;
			defaultConfigurationName = Release;
		};
		B811ABD7201A1CAA004071D2 /* Build configuration list for PBXNativeTarget "Second BrainUITests" */ = {
			isa = XCConfigurationList;
			buildConfigurations = (
				B811ABD8201A1CAA004071D2 /* Debug */,
				B811ABD9201A1CAA004071D2 /* Release */,
			);
			defaultConfigurationIsVisible = 0;
			defaultConfigurationName = Release;
		};
/* End XCConfigurationList section */
	};
	rootObject = B811AB9D201A1CA9004071D2 /* Project object */;
}
